// !$*UTF8*$!
{
	archiveVersion = 1;
	classes = {
	};
	objectVersion = 56;
	objects = {

/* Begin PBXBuildFile section */
		5FB746BF668CBA5AA0895E40 /* Pods_LittlePink.framework in Frameworks */ = {isa = PBXBuildFile; fileRef = 284FC93579609AEC8D90E846 /* Pods_LittlePink.framework */; };
		E215DF3E2991210A0071730C /* TabBarC.swift in Sources */ = {isa = PBXBuildFile; fileRef = E215DF3D2991210A0071730C /* TabBarC.swift */; };
		E215DF40299122800071730C /* PostVC.swift in Sources */ = {isa = PBXBuildFile; fileRef = E215DF3F299122800071730C /* PostVC.swift */; };
		E237AE34298A4AB500B40717 /* AppDelegate.swift in Sources */ = {isa = PBXBuildFile; fileRef = E237AE33298A4AB500B40717 /* AppDelegate.swift */; };
		E237AE36298A4AB500B40717 /* SceneDelegate.swift in Sources */ = {isa = PBXBuildFile; fileRef = E237AE35298A4AB500B40717 /* SceneDelegate.swift */; };
		E237AE3B298A4AB500B40717 /* Main.storyboard in Resources */ = {isa = PBXBuildFile; fileRef = E237AE39298A4AB500B40717 /* Main.storyboard */; };
		E237AE3E298A4AB500B40717 /* LittlePink.xcdatamodeld in Sources */ = {isa = PBXBuildFile; fileRef = E237AE3C298A4AB500B40717 /* LittlePink.xcdatamodeld */; };
		E237AE40298A4AB700B40717 /* Assets.xcassets in Resources */ = {isa = PBXBuildFile; fileRef = E237AE3F298A4AB700B40717 /* Assets.xcassets */; };
		E237AE43298A4AB700B40717 /* LaunchScreen.storyboard in Resources */ = {isa = PBXBuildFile; fileRef = E237AE41298A4AB700B40717 /* LaunchScreen.storyboard */; };
		E238948329A859A400ADD246 /* PhotoFooter.swift in Sources */ = {isa = PBXBuildFile; fileRef = E238948229A859A400ADD246 /* PhotoFooter.swift */; };
		E24DFF0F298BC3A300B280D2 /* FllowVC.swift in Sources */ = {isa = PBXBuildFile; fileRef = E24DFF0E298BC3A300B280D2 /* FllowVC.swift */; };
		E24DFF11298BC3BF00B280D2 /* DiscoveryVC.swift in Sources */ = {isa = PBXBuildFile; fileRef = E24DFF10298BC3BF00B280D2 /* DiscoveryVC.swift */; };
		E24DFF13298BC3DF00B280D2 /* NearByVC.swift in Sources */ = {isa = PBXBuildFile; fileRef = E24DFF12298BC3DF00B280D2 /* NearByVC.swift */; };
		E24DFF15298BC53500B280D2 /* Constans.swift in Sources */ = {isa = PBXBuildFile; fileRef = E24DFF14298BC53500B280D2 /* Constans.swift */; };
		E26895B8298CF23600143B6E /* WaterfallCell.swift in Sources */ = {isa = PBXBuildFile; fileRef = E26895B6298CF23600143B6E /* WaterfallCell.swift */; };
		E26895B9298CF23600143B6E /* WaterfallVC.swift in Sources */ = {isa = PBXBuildFile; fileRef = E26895B7298CF23600143B6E /* WaterfallVC.swift */; };
		E2C6B3F129A5B93B00AD4EF5 /* NoteEditVC.swift in Sources */ = {isa = PBXBuildFile; fileRef = E2C6B3F029A5B93B00AD4EF5 /* NoteEditVC.swift */; };
		E2C6B3F329A5EEF100AD4EF5 /* PhotoCell.swift in Sources */ = {isa = PBXBuildFile; fileRef = E2C6B3F229A5EEF100AD4EF5 /* PhotoCell.swift */; };
		E2C6B3F529A5F46B00AD4EF5 /* Extensions.swift in Sources */ = {isa = PBXBuildFile; fileRef = E2C6B3F429A5F46B00AD4EF5 /* Extensions.swift */; };
		E2CB47CB298BBB2900C2333F /* Home.swift in Sources */ = {isa = PBXBuildFile; fileRef = E2CB47CA298BBB2900C2333F /* Home.swift */; };
/* End PBXBuildFile section */

/* Begin PBXFileReference section */
		1DB13F49BDAD7B43FCA1A32D /* Pods-LittlePink.release.xcconfig */ = {isa = PBXFileReference; includeInIndex = 1; lastKnownFileType = text.xcconfig; name = "Pods-LittlePink.release.xcconfig"; path = "Target Support Files/Pods-LittlePink/Pods-LittlePink.release.xcconfig"; sourceTree = "<group>"; };
		284FC93579609AEC8D90E846 /* Pods_LittlePink.framework */ = {isa = PBXFileReference; explicitFileType = wrapper.framework; includeInIndex = 0; path = Pods_LittlePink.framework; sourceTree = BUILT_PRODUCTS_DIR; };
		B070D18F2509F7AE9343FF95 /* Pods-LittlePink.debug.xcconfig */ = {isa = PBXFileReference; includeInIndex = 1; lastKnownFileType = text.xcconfig; name = "Pods-LittlePink.debug.xcconfig"; path = "Target Support Files/Pods-LittlePink/Pods-LittlePink.debug.xcconfig"; sourceTree = "<group>"; };
		E215DF3C2990E4120071730C /* zh-Hans */ = {isa = PBXFileReference; lastKnownFileType = text.plist.strings; name = "zh-Hans"; path = "zh-Hans.lproj/LaunchScreen.strings"; sourceTree = "<group>"; };
		E215DF3D2991210A0071730C /* TabBarC.swift */ = {isa = PBXFileReference; lastKnownFileType = sourcecode.swift; path = TabBarC.swift; sourceTree = "<group>"; };
		E215DF3F299122800071730C /* PostVC.swift */ = {isa = PBXFileReference; lastKnownFileType = sourcecode.swift; path = PostVC.swift; sourceTree = "<group>"; };
		E237AE30298A4AB500B40717 /* LittlePink.app */ = {isa = PBXFileReference; explicitFileType = wrapper.application; includeInIndex = 0; path = LittlePink.app; sourceTree = BUILT_PRODUCTS_DIR; };
		E237AE33298A4AB500B40717 /* AppDelegate.swift */ = {isa = PBXFileReference; lastKnownFileType = sourcecode.swift; path = AppDelegate.swift; sourceTree = "<group>"; };
		E237AE35298A4AB500B40717 /* SceneDelegate.swift */ = {isa = PBXFileReference; lastKnownFileType = sourcecode.swift; path = SceneDelegate.swift; sourceTree = "<group>"; };
		E237AE3A298A4AB500B40717 /* Base */ = {isa = PBXFileReference; lastKnownFileType = file.storyboard; name = Base; path = Base.lproj/Main.storyboard; sourceTree = "<group>"; };
		E237AE3D298A4AB500B40717 /* LittlePink.xcdatamodel */ = {isa = PBXFileReference; lastKnownFileType = wrapper.xcdatamodel; path = LittlePink.xcdatamodel; sourceTree = "<group>"; };
		E237AE3F298A4AB700B40717 /* Assets.xcassets */ = {isa = PBXFileReference; lastKnownFileType = folder.assetcatalog; path = Assets.xcassets; sourceTree = "<group>"; };
		E237AE42298A4AB700B40717 /* Base */ = {isa = PBXFileReference; lastKnownFileType = file.storyboard; name = Base; path = Base.lproj/LaunchScreen.storyboard; sourceTree = "<group>"; };
		E237AE44298A4AB700B40717 /* Info.plist */ = {isa = PBXFileReference; lastKnownFileType = text.plist.xml; path = Info.plist; sourceTree = "<group>"; };
		E238948229A859A400ADD246 /* PhotoFooter.swift */ = {isa = PBXFileReference; lastKnownFileType = sourcecode.swift; path = PhotoFooter.swift; sourceTree = "<group>"; };
		E238948529A8A2C700ADD246 /* Bridging-Header.h */ = {isa = PBXFileReference; lastKnownFileType = sourcecode.c.h; path = "Bridging-Header.h"; sourceTree = "<group>"; };
		E24DFF0E298BC3A300B280D2 /* FllowVC.swift */ = {isa = PBXFileReference; lastKnownFileType = sourcecode.swift; path = FllowVC.swift; sourceTree = "<group>"; };
		E24DFF10298BC3BF00B280D2 /* DiscoveryVC.swift */ = {isa = PBXFileReference; lastKnownFileType = sourcecode.swift; path = DiscoveryVC.swift; sourceTree = "<group>"; };
		E24DFF12298BC3DF00B280D2 /* NearByVC.swift */ = {isa = PBXFileReference; lastKnownFileType = sourcecode.swift; path = NearByVC.swift; sourceTree = "<group>"; };
		E24DFF14298BC53500B280D2 /* Constans.swift */ = {isa = PBXFileReference; lastKnownFileType = sourcecode.swift; path = Constans.swift; sourceTree = "<group>"; };
		E26895B6298CF23600143B6E /* WaterfallCell.swift */ = {isa = PBXFileReference; fileEncoding = 4; lastKnownFileType = sourcecode.swift; path = WaterfallCell.swift; sourceTree = "<group>"; };
		E26895B7298CF23600143B6E /* WaterfallVC.swift */ = {isa = PBXFileReference; fileEncoding = 4; lastKnownFileType = sourcecode.swift; path = WaterfallVC.swift; sourceTree = "<group>"; };
		E2A478D029A325A600963F6C /* demo.playground */ = {isa = PBXFileReference; lastKnownFileType = file.playground; path = demo.playground; sourceTree = "<group>"; xcLanguageSpecificationIdentifier = xcode.lang.swift; };
		E2C6B3F029A5B93B00AD4EF5 /* NoteEditVC.swift */ = {isa = PBXFileReference; lastKnownFileType = sourcecode.swift; path = NoteEditVC.swift; sourceTree = "<group>"; };
		E2C6B3F229A5EEF100AD4EF5 /* PhotoCell.swift */ = {isa = PBXFileReference; lastKnownFileType = sourcecode.swift; path = PhotoCell.swift; sourceTree = "<group>"; };
		E2C6B3F429A5F46B00AD4EF5 /* Extensions.swift */ = {isa = PBXFileReference; lastKnownFileType = sourcecode.swift; path = Extensions.swift; sourceTree = "<group>"; };
		E2CB47CA298BBB2900C2333F /* Home.swift */ = {isa = PBXFileReference; lastKnownFileType = sourcecode.swift; path = Home.swift; sourceTree = "<group>"; };
/* End PBXFileReference section */

/* Begin PBXFrameworksBuildPhase section */
		E237AE2D298A4AB500B40717 /* Frameworks */ = {
			isa = PBXFrameworksBuildPhase;
			buildActionMask = 2147483647;
			files = (
				5FB746BF668CBA5AA0895E40 /* Pods_LittlePink.framework in Frameworks */,
			);
			runOnlyForDeploymentPostprocessing = 0;
		};
/* End PBXFrameworksBuildPhase section */

/* Begin PBXGroup section */
		59E0CFA275A4AC7DC8928618 /* Frameworks */ = {
			isa = PBXGroup;
			children = (
				284FC93579609AEC8D90E846 /* Pods_LittlePink.framework */,
			);
			name = Frameworks;
			sourceTree = "<group>";
		};
		94A27E5B84A0B4F2DD3BFF01 /* Pods */ = {
			isa = PBXGroup;
			children = (
				B070D18F2509F7AE9343FF95 /* Pods-LittlePink.debug.xcconfig */,
				1DB13F49BDAD7B43FCA1A32D /* Pods-LittlePink.release.xcconfig */,
			);
			path = Pods;
			sourceTree = "<group>";
		};
		E215DF392990A7860071730C /* Common */ = {
			isa = PBXGroup;
			children = (
				E24DFF14298BC53500B280D2 /* Constans.swift */,
				E2C6B3F429A5F46B00AD4EF5 /* Extensions.swift */,
			);
			path = Common;
			sourceTree = "<group>";
		};
		E237AE27298A4AB500B40717 = {
			isa = PBXGroup;
			children = (
				E2A478D029A325A600963F6C /* demo.playground */,
				E237AE32298A4AB500B40717 /* LittlePink */,
				E237AE31298A4AB500B40717 /* Products */,
				94A27E5B84A0B4F2DD3BFF01 /* Pods */,
				59E0CFA275A4AC7DC8928618 /* Frameworks */,
			);
			sourceTree = "<group>";
		};
		E237AE31298A4AB500B40717 /* Products */ = {
			isa = PBXGroup;
			children = (
				E237AE30298A4AB500B40717 /* LittlePink.app */,
			);
			name = Products;
			sourceTree = "<group>";
		};
		E237AE32298A4AB500B40717 /* LittlePink */ = {
			isa = PBXGroup;
			children = (
				E237AE33298A4AB500B40717 /* AppDelegate.swift */,
				E237AE35298A4AB500B40717 /* SceneDelegate.swift */,
				E215DF392990A7860071730C /* Common */,
				E24DFF16298BC68500B280D2 /* Home */,
				E237AE39298A4AB500B40717 /* Main.storyboard */,
				E238948429A8698300ADD246 /* NoteEdit */,
				E215DF3D2991210A0071730C /* TabBarC.swift */,
				E215DF3F299122800071730C /* PostVC.swift */,
				E237AE3F298A4AB700B40717 /* Assets.xcassets */,
				E237AE41298A4AB700B40717 /* LaunchScreen.storyboard */,
				E237AE44298A4AB700B40717 /* Info.plist */,
				E237AE3C298A4AB500B40717 /* LittlePink.xcdatamodeld */,
				E238948529A8A2C700ADD246 /* Bridging-Header.h */,
			);
			path = LittlePink;
			sourceTree = "<group>";
		};
		E238948429A8698300ADD246 /* NoteEdit */ = {
			isa = PBXGroup;
			children = (
				E2C6B3F229A5EEF100AD4EF5 /* PhotoCell.swift */,
				E238948229A859A400ADD246 /* PhotoFooter.swift */,
				E2C6B3F029A5B93B00AD4EF5 /* NoteEditVC.swift */,
			);
			path = NoteEdit;
			sourceTree = "<group>";
		};
		E24DFF16298BC68500B280D2 /* Home */ = {
			isa = PBXGroup;
			children = (
				E26895B6298CF23600143B6E /* WaterfallCell.swift */,
				E26895B7298CF23600143B6E /* WaterfallVC.swift */,
				E2CB47CA298BBB2900C2333F /* Home.swift */,
				E24DFF10298BC3BF00B280D2 /* DiscoveryVC.swift */,
				E24DFF0E298BC3A300B280D2 /* FllowVC.swift */,
				E24DFF12298BC3DF00B280D2 /* NearByVC.swift */,
			);
			path = Home;
			sourceTree = "<group>";
		};
/* End PBXGroup section */

/* Begin PBXNativeTarget section */
		E237AE2F298A4AB500B40717 /* LittlePink */ = {
			isa = PBXNativeTarget;
			buildConfigurationList = E237AE47298A4AB700B40717 /* Build configuration list for PBXNativeTarget "LittlePink" */;
			buildPhases = (
				2A5AD865D0F814E1412AF822 /* [CP] Check Pods Manifest.lock */,
				E237AE2C298A4AB500B40717 /* Sources */,
				E237AE2D298A4AB500B40717 /* Frameworks */,
				E237AE2E298A4AB500B40717 /* Resources */,
				A863752B4583A5FFED222418 /* [CP] Embed Pods Frameworks */,
			);
			buildRules = (
			);
			dependencies = (
			);
			name = LittlePink;
			productName = LittlePink;
			productReference = E237AE30298A4AB500B40717 /* LittlePink.app */;
			productType = "com.apple.product-type.application";
		};
/* End PBXNativeTarget section */

/* Begin PBXProject section */
		E237AE28298A4AB500B40717 /* Project object */ = {
			isa = PBXProject;
			attributes = {
				BuildIndependentTargetsInParallel = 1;
				LastSwiftUpdateCheck = 1420;
				LastUpgradeCheck = 1420;
				TargetAttributes = {
					E237AE2F298A4AB500B40717 = {
						CreatedOnToolsVersion = 14.2;
					};
				};
			};
			buildConfigurationList = E237AE2B298A4AB500B40717 /* Build configuration list for PBXProject "LittlePink" */;
			compatibilityVersion = "Xcode 14.0";
			developmentRegion = en;
			hasScannedForEncodings = 0;
			knownRegions = (
				en,
				Base,
				"zh-Hans",
			);
			mainGroup = E237AE27298A4AB500B40717;
			productRefGroup = E237AE31298A4AB500B40717 /* Products */;
			projectDirPath = "";
			projectRoot = "";
			targets = (
				E237AE2F298A4AB500B40717 /* LittlePink */,
			);
		};
/* End PBXProject section */

/* Begin PBXResourcesBuildPhase section */
		E237AE2E298A4AB500B40717 /* Resources */ = {
			isa = PBXResourcesBuildPhase;
			buildActionMask = 2147483647;
			files = (
				E237AE43298A4AB700B40717 /* LaunchScreen.storyboard in Resources */,
				E237AE40298A4AB700B40717 /* Assets.xcassets in Resources */,
				E237AE3B298A4AB500B40717 /* Main.storyboard in Resources */,
			);
			runOnlyForDeploymentPostprocessing = 0;
		};
/* End PBXResourcesBuildPhase section */

/* Begin PBXShellScriptBuildPhase section */
		2A5AD865D0F814E1412AF822 /* [CP] Check Pods Manifest.lock */ = {
			isa = PBXShellScriptBuildPhase;
			buildActionMask = 2147483647;
			files = (
			);
			inputFileListPaths = (
			);
			inputPaths = (
				"${PODS_PODFILE_DIR_PATH}/Podfile.lock",
				"${PODS_ROOT}/Manifest.lock",
			);
			name = "[CP] Check Pods Manifest.lock";
			outputFileListPaths = (
			);
			outputPaths = (
				"$(DERIVED_FILE_DIR)/Pods-LittlePink-checkManifestLockResult.txt",
			);
			runOnlyForDeploymentPostprocessing = 0;
			shellPath = /bin/sh;
			shellScript = "diff \"${PODS_PODFILE_DIR_PATH}/Podfile.lock\" \"${PODS_ROOT}/Manifest.lock\" > /dev/null\nif [ $? != 0 ] ; then\n    # print error to STDERR\n    echo \"error: The sandbox is not in sync with the Podfile.lock. Run 'pod install' or update your CocoaPods installation.\" >&2\n    exit 1\nfi\n# This output is used by Xcode 'outputs' to avoid re-running this script phase.\necho \"SUCCESS\" > \"${SCRIPT_OUTPUT_FILE_0}\"\n";
			showEnvVarsInLog = 0;
		};
		A863752B4583A5FFED222418 /* [CP] Embed Pods Frameworks */ = {
			isa = PBXShellScriptBuildPhase;
			buildActionMask = 2147483647;
			files = (
			);
			inputFileListPaths = (
				"${PODS_ROOT}/Target Support Files/Pods-LittlePink/Pods-LittlePink-frameworks-${CONFIGURATION}-input-files.xcfilelist",
			);
			name = "[CP] Embed Pods Frameworks";
			outputFileListPaths = (
				"${PODS_ROOT}/Target Support Files/Pods-LittlePink/Pods-LittlePink-frameworks-${CONFIGURATION}-output-files.xcfilelist",
			);
			runOnlyForDeploymentPostprocessing = 0;
			shellPath = /bin/sh;
			shellScript = "\"${PODS_ROOT}/Target Support Files/Pods-LittlePink/Pods-LittlePink-frameworks.sh\"\n";
			showEnvVarsInLog = 0;
		};
/* End PBXShellScriptBuildPhase section */

/* Begin PBXSourcesBuildPhase section */
		E237AE2C298A4AB500B40717 /* Sources */ = {
			isa = PBXSourcesBuildPhase;
			buildActionMask = 2147483647;
			files = (
				E2C6B3F329A5EEF100AD4EF5 /* PhotoCell.swift in Sources */,
				E24DFF13298BC3DF00B280D2 /* NearByVC.swift in Sources */,
				E215DF3E2991210A0071730C /* TabBarC.swift in Sources */,
				E237AE34298A4AB500B40717 /* AppDelegate.swift in Sources */,
				E24DFF15298BC53500B280D2 /* Constans.swift in Sources */,
				E238948329A859A400ADD246 /* PhotoFooter.swift in Sources */,
				E26895B9298CF23600143B6E /* WaterfallVC.swift in Sources */,
				E26895B8298CF23600143B6E /* WaterfallCell.swift in Sources */,
				E2C6B3F129A5B93B00AD4EF5 /* NoteEditVC.swift in Sources */,
				E215DF40299122800071730C /* PostVC.swift in Sources */,
				E2CB47CB298BBB2900C2333F /* Home.swift in Sources */,
				E2C6B3F529A5F46B00AD4EF5 /* Extensions.swift in Sources */,
				E24DFF0F298BC3A300B280D2 /* FllowVC.swift in Sources */,
				E237AE36298A4AB500B40717 /* SceneDelegate.swift in Sources */,
				E237AE3E298A4AB500B40717 /* LittlePink.xcdatamodeld in Sources */,
				E24DFF11298BC3BF00B280D2 /* DiscoveryVC.swift in Sources */,
			);
			runOnlyForDeploymentPostprocessing = 0;
		};
/* End PBXSourcesBuildPhase section */

/* Begin PBXVariantGroup section */
		E237AE39298A4AB500B40717 /* Main.storyboard */ = {
			isa = PBXVariantGroup;
			children = (
				E237AE3A298A4AB500B40717 /* Base */,
			);
			name = Main.storyboard;
			sourceTree = "<group>";
		};
		E237AE41298A4AB700B40717 /* LaunchScreen.storyboard */ = {
			isa = PBXVariantGroup;
			children = (
				E237AE42298A4AB700B40717 /* Base */,
				E215DF3C2990E4120071730C /* zh-Hans */,
			);
			name = LaunchScreen.storyboard;
			sourceTree = "<group>";
		};
/* End PBXVariantGroup section */

/* Begin XCBuildConfiguration section */
		E237AE45298A4AB700B40717 /* Debug */ = {
			isa = XCBuildConfiguration;
			buildSettings = {
				ALWAYS_SEARCH_USER_PATHS = NO;
				CLANG_ANALYZER_LOCALIZABILITY_NONLOCALIZED = YES;
				CLANG_ANALYZER_NONNULL = YES;
				CLANG_ANALYZER_NUMBER_OBJECT_CONVERSION = YES_AGGRESSIVE;
				CLANG_CXX_LANGUAGE_STANDARD = "gnu++20";
				CLANG_ENABLE_MODULES = YES;
				CLANG_ENABLE_OBJC_ARC = YES;
				CLANG_ENABLE_OBJC_WEAK = YES;
				CLANG_WARN_BLOCK_CAPTURE_AUTORELEASING = YES;
				CLANG_WARN_BOOL_CONVERSION = YES;
				CLANG_WARN_COMMA = YES;
				CLANG_WARN_CONSTANT_CONVERSION = YES;
				CLANG_WARN_DEPRECATED_OBJC_IMPLEMENTATIONS = YES;
				CLANG_WARN_DIRECT_OBJC_ISA_USAGE = YES_ERROR;
				CLANG_WARN_DOCUMENTATION_COMMENTS = YES;
				CLANG_WARN_EMPTY_BODY = YES;
				CLANG_WARN_ENUM_CONVERSION = YES;
				CLANG_WARN_INFINITE_RECURSION = YES;
				CLANG_WARN_INT_CONVERSION = YES;
				CLANG_WARN_NON_LITERAL_NULL_CONVERSION = YES;
				CLANG_WARN_OBJC_IMPLICIT_RETAIN_SELF = YES;
				CLANG_WARN_OBJC_LITERAL_CONVERSION = YES;
				CLANG_WARN_OBJC_ROOT_CLASS = YES_ERROR;
				CLANG_WARN_QUOTED_INCLUDE_IN_FRAMEWORK_HEADER = YES;
				CLANG_WARN_RANGE_LOOP_ANALYSIS = YES;
				CLANG_WARN_STRICT_PROTOTYPES = YES;
				CLANG_WARN_SUSPICIOUS_MOVE = YES;
				CLANG_WARN_UNGUARDED_AVAILABILITY = YES_AGGRESSIVE;
				CLANG_WARN_UNREACHABLE_CODE = YES;
				CLANG_WARN__DUPLICATE_METHOD_MATCH = YES;
				COPY_PHASE_STRIP = NO;
				DEBUG_INFORMATION_FORMAT = dwarf;
				ENABLE_STRICT_OBJC_MSGSEND = YES;
				ENABLE_TESTABILITY = YES;
				GCC_C_LANGUAGE_STANDARD = gnu11;
				GCC_DYNAMIC_NO_PIC = NO;
				GCC_NO_COMMON_BLOCKS = YES;
				GCC_OPTIMIZATION_LEVEL = 0;
				GCC_PREPROCESSOR_DEFINITIONS = (
					"DEBUG=1",
					"$(inherited)",
				);
				GCC_WARN_64_TO_32_BIT_CONVERSION = YES;
				GCC_WARN_ABOUT_RETURN_TYPE = YES_ERROR;
				GCC_WARN_UNDECLARED_SELECTOR = YES;
				GCC_WARN_UNINITIALIZED_AUTOS = YES_AGGRESSIVE;
				GCC_WARN_UNUSED_FUNCTION = YES;
				GCC_WARN_UNUSED_VARIABLE = YES;
				IPHONEOS_DEPLOYMENT_TARGET = 16.2;
				MTL_ENABLE_DEBUG_INFO = INCLUDE_SOURCE;
				MTL_FAST_MATH = YES;
				ONLY_ACTIVE_ARCH = YES;
				SDKROOT = iphoneos;
				SWIFT_ACTIVE_COMPILATION_CONDITIONS = DEBUG;
				SWIFT_OPTIMIZATION_LEVEL = "-Onone";
			};
			name = Debug;
		};
		E237AE46298A4AB700B40717 /* Release */ = {
			isa = XCBuildConfiguration;
			buildSettings = {
				ALWAYS_SEARCH_USER_PATHS = NO;
				CLANG_ANALYZER_LOCALIZABILITY_NONLOCALIZED = YES;
				CLANG_ANALYZER_NONNULL = YES;
				CLANG_ANALYZER_NUMBER_OBJECT_CONVERSION = YES_AGGRESSIVE;
				CLANG_CXX_LANGUAGE_STANDARD = "gnu++20";
				CLANG_ENABLE_MODULES = YES;
				CLANG_ENABLE_OBJC_ARC = YES;
				CLANG_ENABLE_OBJC_WEAK = YES;
				CLANG_WARN_BLOCK_CAPTURE_AUTORELEASING = YES;
				CLANG_WARN_BOOL_CONVERSION = YES;
				CLANG_WARN_COMMA = YES;
				CLANG_WARN_CONSTANT_CONVERSION = YES;
				CLANG_WARN_DEPRECATED_OBJC_IMPLEMENTATIONS = YES;
				CLANG_WARN_DIRECT_OBJC_ISA_USAGE = YES_ERROR;
				CLANG_WARN_DOCUMENTATION_COMMENTS = YES;
				CLANG_WARN_EMPTY_BODY = YES;
				CLANG_WARN_ENUM_CONVERSION = YES;
				CLANG_WARN_INFINITE_RECURSION = YES;
				CLANG_WARN_INT_CONVERSION = YES;
				CLANG_WARN_NON_LITERAL_NULL_CONVERSION = YES;
				CLANG_WARN_OBJC_IMPLICIT_RETAIN_SELF = YES;
				CLANG_WARN_OBJC_LITERAL_CONVERSION = YES;
				CLANG_WARN_OBJC_ROOT_CLASS = YES_ERROR;
				CLANG_WARN_QUOTED_INCLUDE_IN_FRAMEWORK_HEADER = YES;
				CLANG_WARN_RANGE_LOOP_ANALYSIS = YES;
				CLANG_WARN_STRICT_PROTOTYPES = YES;
				CLANG_WARN_SUSPICIOUS_MOVE = YES;
				CLANG_WARN_UNGUARDED_AVAILABILITY = YES_AGGRESSIVE;
				CLANG_WARN_UNREACHABLE_CODE = YES;
				CLANG_WARN__DUPLICATE_METHOD_MATCH = YES;
				COPY_PHASE_STRIP = NO;
				DEBUG_INFORMATION_FORMAT = "dwarf-with-dsym";
				ENABLE_NS_ASSERTIONS = NO;
				ENABLE_STRICT_OBJC_MSGSEND = YES;
				GCC_C_LANGUAGE_STANDARD = gnu11;
				GCC_NO_COMMON_BLOCKS = YES;
				GCC_WARN_64_TO_32_BIT_CONVERSION = YES;
				GCC_WARN_ABOUT_RETURN_TYPE = YES_ERROR;
				GCC_WARN_UNDECLARED_SELECTOR = YES;
				GCC_WARN_UNINITIALIZED_AUTOS = YES_AGGRESSIVE;
				GCC_WARN_UNUSED_FUNCTION = YES;
				GCC_WARN_UNUSED_VARIABLE = YES;
				IPHONEOS_DEPLOYMENT_TARGET = 16.2;
				MTL_ENABLE_DEBUG_INFO = NO;
				MTL_FAST_MATH = YES;
				SDKROOT = iphoneos;
				SWIFT_COMPILATION_MODE = wholemodule;
				SWIFT_OPTIMIZATION_LEVEL = "-O";
				VALIDATE_PRODUCT = YES;
			};
			name = Release;
		};
		E237AE48298A4AB700B40717 /* Debug */ = {
			isa = XCBuildConfiguration;
			baseConfigurationReference = B070D18F2509F7AE9343FF95 /* Pods-LittlePink.debug.xcconfig */;
			buildSettings = {
				ASSETCATALOG_COMPILER_APPICON_NAME = AppIcon;
				ASSETCATALOG_COMPILER_GLOBAL_ACCENT_COLOR_NAME = AccentColor;
				CODE_SIGN_STYLE = Automatic;
				CURRENT_PROJECT_VERSION = 1;
				DEVELOPMENT_TEAM = NSGTPGR9H2;
				GENERATE_INFOPLIST_FILE = YES;
				INFOPLIST_FILE = LittlePink/Info.plist;
				INFOPLIST_KEY_CFBundleDisplayName = "小粉书";
				INFOPLIST_KEY_UIApplicationSupportsIndirectInputEvents = YES;
				INFOPLIST_KEY_UILaunchStoryboardName = LaunchScreen;
				INFOPLIST_KEY_UIMainStoryboardFile = Main;
				INFOPLIST_KEY_UIStatusBarStyle = "";
				INFOPLIST_KEY_UISupportedInterfaceOrientations = "UIInterfaceOrientationLandscapeLeft UIInterfaceOrientationLandscapeRight UIInterfaceOrientationPortrait";
				INFOPLIST_KEY_UISupportedInterfaceOrientations_iPad = UIInterfaceOrientationPortrait;
				IPHONEOS_DEPLOYMENT_TARGET = 14.1;
				LD_RUNPATH_SEARCH_PATHS = (
					"$(inherited)",
					"@executable_path/Frameworks",
				);
				MARKETING_VERSION = 1.0;
				PRODUCT_BUNDLE_IDENTIFIER = com.bavan.LittlePink;
				PRODUCT_NAME = "$(TARGET_NAME)";
				SWIFT_EMIT_LOC_STRINGS = YES;
				SWIFT_OBJC_BRIDGING_HEADER = "LittlePink/Bridging-Header.h";
				SWIFT_VERSION = 5.0;
				TARGETED_DEVICE_FAMILY = "1,2";
			};
			name = Debug;
		};
		E237AE49298A4AB700B40717 /* Release */ = {
			isa = XCBuildConfiguration;
			baseConfigurationReference = 1DB13F49BDAD7B43FCA1A32D /* Pods-LittlePink.release.xcconfig */;
			buildSettings = {
				ASSETCATALOG_COMPILER_APPICON_NAME = AppIcon;
				ASSETCATALOG_COMPILER_GLOBAL_ACCENT_COLOR_NAME = AccentColor;
				CODE_SIGN_STYLE = Automatic;
				CURRENT_PROJECT_VERSION = 1;
				DEVELOPMENT_TEAM = NSGTPGR9H2;
				GENERATE_INFOPLIST_FILE = YES;
				INFOPLIST_FILE = LittlePink/Info.plist;
				INFOPLIST_KEY_CFBundleDisplayName = "小粉书";
				INFOPLIST_KEY_UIApplicationSupportsIndirectInputEvents = YES;
				INFOPLIST_KEY_UILaunchStoryboardName = LaunchScreen;
				INFOPLIST_KEY_UIMainStoryboardFile = Main;
				INFOPLIST_KEY_UIStatusBarStyle = "";
				INFOPLIST_KEY_UISupportedInterfaceOrientations = "UIInterfaceOrientationLandscapeLeft UIInterfaceOrientationLandscapeRight UIInterfaceOrientationPortrait";
				INFOPLIST_KEY_UISupportedInterfaceOrientations_iPad = UIInterfaceOrientationPortrait;
				IPHONEOS_DEPLOYMENT_TARGET = 14.1;
				LD_RUNPATH_SEARCH_PATHS = (
					"$(inherited)",
					"@executable_path/Frameworks",
				);
				MARKETING_VERSION = 1.0;
				PRODUCT_BUNDLE_IDENTIFIER = com.bavan.LittlePink;
				PRODUCT_NAME = "$(TARGET_NAME)";
				SWIFT_EMIT_LOC_STRINGS = YES;
				SWIFT_OBJC_BRIDGING_HEADER = "LittlePink/Bridging-Header.h";
				SWIFT_VERSION = 5.0;
				TARGETED_DEVICE_FAMILY = "1,2";
			};
			name = Release;
		};
/* End XCBuildConfiguration section */

/* Begin XCConfigurationList section */
		E237AE2B298A4AB500B40717 /* Build configuration list for PBXProject "LittlePink" */ = {
			isa = XCConfigurationList;
			buildConfigurations = (
				E237AE45298A4AB700B40717 /* Debug */,
				E237AE46298A4AB700B40717 /* Release */,
			);
			defaultConfigurationIsVisible = 0;
			defaultConfigurationName = Release;
		};
		E237AE47298A4AB700B40717 /* Build configuration list for PBXNativeTarget "LittlePink" */ = {
			isa = XCConfigurationList;
			buildConfigurations = (
				E237AE48298A4AB700B40717 /* Debug */,
				E237AE49298A4AB700B40717 /* Release */,
			);
			defaultConfigurationIsVisible = 0;
			defaultConfigurationName = Release;
		};
/* End XCConfigurationList section */

/* Begin XCVersionGroup section */
		E237AE3C298A4AB500B40717 /* LittlePink.xcdatamodeld */ = {
			isa = XCVersionGroup;
			children = (
				E237AE3D298A4AB500B40717 /* LittlePink.xcdatamodel */,
			);
			currentVersion = E237AE3D298A4AB500B40717 /* LittlePink.xcdatamodel */;
			path = LittlePink.xcdatamodeld;
			sourceTree = "<group>";
			versionGroupType = wrapper.xcdatamodel;
		};
/* End XCVersionGroup section */
	};
	rootObject = E237AE28298A4AB500B40717 /* Project object */;
}
